// !$*UTF8*$!
{
	archiveVersion = 1;
	classes = {
	};
	objectVersion = 46;
	objects = {

/* Begin PBXBuildFile section */
		33B456B517B893EE007A3E6E /* Foundation.framework in Frameworks */ = {isa = PBXBuildFile; fileRef = 33B456B417B893EE007A3E6E /* Foundation.framework */; };
		33B456BA17B893EE007A3E6E /* KKTokenTextView.h in CopyFiles */ = {isa = PBXBuildFile; fileRef = 33B456B917B893EE007A3E6E /* KKTokenTextView.h */; };
		33B456BC17B893EE007A3E6E /* KKTokenTextView.m in Sources */ = {isa = PBXBuildFile; fileRef = 33B456BB17B893EE007A3E6E /* KKTokenTextView.m */; };
		33B456E717B895EC007A3E6E /* libDickens.a in Frameworks */ = {isa = PBXBuildFile; fileRef = 33B456E217B895C6007A3E6E /* libDickens.a */; };
		33B456E917B89A1A007A3E6E /* UIKit.framework in Frameworks */ = {isa = PBXBuildFile; fileRef = 33B456E817B89A1A007A3E6E /* UIKit.framework */; };
/* End PBXBuildFile section */

/* Begin PBXContainerItemProxy section */
		33B456E117B895C6007A3E6E /* PBXContainerItemProxy */ = {
			isa = PBXContainerItemProxy;
			containerPortal = 33B456DB17B895C6007A3E6E /* Dickens.xcodeproj */;
			proxyType = 2;
			remoteGlobalIDString = 3302AC4216F662880050BFF1;
			remoteInfo = Dickens;
		};
		33B456E317B895C6007A3E6E /* PBXContainerItemProxy */ = {
			isa = PBXContainerItemProxy;
			containerPortal = 33B456DB17B895C6007A3E6E /* Dickens.xcodeproj */;
			proxyType = 2;
			remoteGlobalIDString = 3302AC5316F662890050BFF1;
			remoteInfo = DickensTests;
		};
		33B456E517B895C6007A3E6E /* PBXContainerItemProxy */ = {
			isa = PBXContainerItemProxy;
			containerPortal = 33B456DB17B895C6007A3E6E /* Dickens.xcodeproj */;
			proxyType = 2;
			remoteGlobalIDString = 3302AC7916F6E2EE0050BFF1;
			remoteInfo = DickensDemo;
		};
/* End PBXContainerItemProxy section */

/* Begin PBXCopyFilesBuildPhase section */
		33B456AF17B893EE007A3E6E /* CopyFiles */ = {
			isa = PBXCopyFilesBuildPhase;
			buildActionMask = 2147483647;
			dstPath = "include/$(PRODUCT_NAME)";
			dstSubfolderSpec = 16;
			files = (
				33B456BA17B893EE007A3E6E /* KKTokenTextView.h in CopyFiles */,
			);
			runOnlyForDeploymentPostprocessing = 0;
		};
/* End PBXCopyFilesBuildPhase section */

/* Begin PBXFileReference section */
		33B456B117B893EE007A3E6E /* libKKTokenTextView.a */ = {isa = PBXFileReference; explicitFileType = archive.ar; includeInIndex = 0; path = libKKTokenTextView.a; sourceTree = BUILT_PRODUCTS_DIR; };
		33B456B417B893EE007A3E6E /* Foundation.framework */ = {isa = PBXFileReference; lastKnownFileType = wrapper.framework; name = Foundation.framework; path = System/Library/Frameworks/Foundation.framework; sourceTree = SDKROOT; };
		33B456B817B893EE007A3E6E /* KKTokenTextView-Prefix.pch */ = {isa = PBXFileReference; lastKnownFileType = sourcecode.c.h; path = "KKTokenTextView-Prefix.pch"; sourceTree = "<group>"; };
		33B456B917B893EE007A3E6E /* KKTokenTextView.h */ = {isa = PBXFileReference; lastKnownFileType = sourcecode.c.h; path = KKTokenTextView.h; sourceTree = "<group>"; };
		33B456BB17B893EE007A3E6E /* KKTokenTextView.m */ = {isa = PBXFileReference; lastKnownFileType = sourcecode.c.objc; path = KKTokenTextView.m; sourceTree = "<group>"; };
		33B456DB17B895C6007A3E6E /* Dickens.xcodeproj */ = {isa = PBXFileReference; lastKnownFileType = "wrapper.pb-project"; name = Dickens.xcodeproj; path = External/Dickens/Dickens.xcodeproj; sourceTree = "<group>"; };
		33B456E817B89A1A007A3E6E /* UIKit.framework */ = {isa = PBXFileReference; lastKnownFileType = wrapper.framework; name = UIKit.framework; path = System/Library/Frameworks/UIKit.framework; sourceTree = SDKROOT; };
/* End PBXFileReference section */

/* Begin PBXFrameworksBuildPhase section */
		33B456AE17B893EE007A3E6E /* Frameworks */ = {
			isa = PBXFrameworksBuildPhase;
			buildActionMask = 2147483647;
			files = (
				33B456E917B89A1A007A3E6E /* UIKit.framework in Frameworks */,
				33B456E717B895EC007A3E6E /* libDickens.a in Frameworks */,
				33B456B517B893EE007A3E6E /* Foundation.framework in Frameworks */,
			);
			runOnlyForDeploymentPostprocessing = 0;
		};
/* End PBXFrameworksBuildPhase section */

/* Begin PBXGroup section */
		33B456A817B893EE007A3E6E = {
			isa = PBXGroup;
			children = (
				33B456B617B893EE007A3E6E /* KKTokenTextView */,
				33B456B317B893EE007A3E6E /* Frameworks */,
				33B456B217B893EE007A3E6E /* Products */,
			);
			sourceTree = "<group>";
		};
		33B456B217B893EE007A3E6E /* Products */ = {
			isa = PBXGroup;
			children = (
				33B456B117B893EE007A3E6E /* libKKTokenTextView.a */,
			);
			name = Products;
			sourceTree = "<group>";
		};
		33B456B317B893EE007A3E6E /* Frameworks */ = {
			isa = PBXGroup;
			children = (
				33B456DB17B895C6007A3E6E /* Dickens.xcodeproj */,
				33B456B417B893EE007A3E6E /* Foundation.framework */,
				33B456E817B89A1A007A3E6E /* UIKit.framework */,
			);
			name = Frameworks;
			sourceTree = "<group>";
		};
		33B456B617B893EE007A3E6E /* KKTokenTextView */ = {
			isa = PBXGroup;
			children = (
				33B456B917B893EE007A3E6E /* KKTokenTextView.h */,
				33B456BB17B893EE007A3E6E /* KKTokenTextView.m */,
				33B456B717B893EE007A3E6E /* Supporting Files */,
			);
			path = KKTokenTextView;
			sourceTree = "<group>";
		};
		33B456B717B893EE007A3E6E /* Supporting Files */ = {
			isa = PBXGroup;
			children = (
				33B456B817B893EE007A3E6E /* KKTokenTextView-Prefix.pch */,
			);
			name = "Supporting Files";
			sourceTree = "<group>";
		};
		33B456DC17B895C6007A3E6E /* Products */ = {
			isa = PBXGroup;
			children = (
				33B456E217B895C6007A3E6E /* libDickens.a */,
				33B456E417B895C6007A3E6E /* DickensTests.octest */,
				33B456E617B895C6007A3E6E /* DickensDemo.app */,
			);
			name = Products;
			sourceTree = "<group>";
		};
/* End PBXGroup section */

/* Begin PBXNativeTarget section */
		33B456B017B893EE007A3E6E /* KKTokenTextView */ = {
			isa = PBXNativeTarget;
			buildConfigurationList = 33B456D417B893EE007A3E6E /* Build configuration list for PBXNativeTarget "KKTokenTextView" */;
			buildPhases = (
				33B456AD17B893EE007A3E6E /* Sources */,
				33B456AE17B893EE007A3E6E /* Frameworks */,
				33B456AF17B893EE007A3E6E /* CopyFiles */,
			);
			buildRules = (
			);
			dependencies = (
			);
			name = KKTokenTextView;
			productName = KKTokenTextView;
			productReference = 33B456B117B893EE007A3E6E /* libKKTokenTextView.a */;
			productType = "com.apple.product-type.library.static";
		};
/* End PBXNativeTarget section */

/* Begin PBXProject section */
		33B456A917B893EE007A3E6E /* Project object */ = {
			isa = PBXProject;
			attributes = {
				LastUpgradeCheck = 0500;
				ORGANIZATIONNAME = "Kolin Krewinkel";
			};
			buildConfigurationList = 33B456AC17B893EE007A3E6E /* Build configuration list for PBXProject "KKTokenTextView" */;
			compatibilityVersion = "Xcode 3.2";
			developmentRegion = English;
			hasScannedForEncodings = 0;
			knownRegions = (
				en,
			);
			mainGroup = 33B456A817B893EE007A3E6E;
			productRefGroup = 33B456B217B893EE007A3E6E /* Products */;
			projectDirPath = "";
			projectReferences = (
				{
					ProductGroup = 33B456DC17B895C6007A3E6E /* Products */;
					ProjectRef = 33B456DB17B895C6007A3E6E /* Dickens.xcodeproj */;
				},
			);
			projectRoot = "";
			targets = (
				33B456B017B893EE007A3E6E /* KKTokenTextView */,
			);
		};
/* End PBXProject section */

/* Begin PBXReferenceProxy section */
		33B456E217B895C6007A3E6E /* libDickens.a */ = {
			isa = PBXReferenceProxy;
			fileType = archive.ar;
			path = libDickens.a;
			remoteRef = 33B456E117B895C6007A3E6E /* PBXContainerItemProxy */;
			sourceTree = BUILT_PRODUCTS_DIR;
		};
		33B456E417B895C6007A3E6E /* DickensTests.octest */ = {
			isa = PBXReferenceProxy;
			fileType = wrapper.cfbundle;
			path = DickensTests.octest;
			remoteRef = 33B456E317B895C6007A3E6E /* PBXContainerItemProxy */;
			sourceTree = BUILT_PRODUCTS_DIR;
		};
		33B456E617B895C6007A3E6E /* DickensDemo.app */ = {
			isa = PBXReferenceProxy;
			fileType = wrapper.application;
			path = DickensDemo.app;
			remoteRef = 33B456E517B895C6007A3E6E /* PBXContainerItemProxy */;
			sourceTree = BUILT_PRODUCTS_DIR;
		};
/* End PBXReferenceProxy section */

/* Begin PBXSourcesBuildPhase section */
		33B456AD17B893EE007A3E6E /* Sources */ = {
			isa = PBXSourcesBuildPhase;
			buildActionMask = 2147483647;
			files = (
				33B456BC17B893EE007A3E6E /* KKTokenTextView.m in Sources */,
			);
			runOnlyForDeploymentPostprocessing = 0;
		};
/* End PBXSourcesBuildPhase section */

/* Begin XCBuildConfiguration section */
		33B456D217B893EE007A3E6E /* Debug */ = {
			isa = XCBuildConfiguration;
			buildSettings = {
				ALWAYS_SEARCH_USER_PATHS = NO;
				CLANG_CXX_LANGUAGE_STANDARD = "gnu++0x";
				CLANG_CXX_LIBRARY = "libc++";
				CLANG_ENABLE_MODULES = YES;
				CLANG_ENABLE_OBJC_ARC = YES;
				CLANG_WARN_BOOL_CONVERSION = YES;
				CLANG_WARN_CONSTANT_CONVERSION = YES;
				CLANG_WARN_DIRECT_OBJC_ISA_USAGE = YES_ERROR;
				CLANG_WARN_EMPTY_BODY = YES;
				CLANG_WARN_ENUM_CONVERSION = YES;
				CLANG_WARN_INT_CONVERSION = YES;
				CLANG_WARN_OBJC_ROOT_CLASS = YES_ERROR;
				CLANG_WARN__DUPLICATE_METHOD_MATCH = YES;
				COPY_PHASE_STRIP = NO;
				GCC_C_LANGUAGE_STANDARD = gnu99;
				GCC_DYNAMIC_NO_PIC = NO;
				GCC_OPTIMIZATION_LEVEL = 0;
				GCC_PREPROCESSOR_DEFINITIONS = (
					"DEBUG=1",
					"$(inherited)",
				);
				GCC_SYMBOLS_PRIVATE_EXTERN = NO;
				GCC_WARN_ABOUT_RETURN_TYPE = YES_ERROR;
				GCC_WARN_UNDECLARED_SELECTOR = YES;
				GCC_WARN_UNINITIALIZED_AUTOS = YES;
				GCC_WARN_UNUSED_FUNCTION = YES;
				GCC_WARN_UNUSED_VARIABLE = YES;
				IPHONEOS_DEPLOYMENT_TARGET = 7.0;
				ONLY_ACTIVE_ARCH = YES;
				SDKROOT = iphoneos;
			};
			name = Debug;
		};
		33B456D317B893EE007A3E6E /* Release */ = {
			isa = XCBuildConfiguration;
			buildSettings = {
				ALWAYS_SEARCH_USER_PATHS = NO;
				CLANG_CXX_LANGUAGE_STANDARD = "gnu++0x";
				CLANG_CXX_LIBRARY = "libc++";
				CLANG_ENABLE_MODULES = YES;
				CLANG_ENABLE_OBJC_ARC = YES;
				CLANG_WARN_BOOL_CONVERSION = YES;
				CLANG_WARN_CONSTANT_CONVERSION = YES;
				CLANG_WARN_DIRECT_OBJC_ISA_USAGE = YES_ERROR;
				CLANG_WARN_EMPTY_BODY = YES;
				CLANG_WARN_ENUM_CONVERSION = YES;
				CLANG_WARN_INT_CONVERSION = YES;
				CLANG_WARN_OBJC_ROOT_CLASS = YES_ERROR;
				CLANG_WARN__DUPLICATE_METHOD_MATCH = YES;
				COPY_PHASE_STRIP = YES;
				ENABLE_NS_ASSERTIONS = NO;
				GCC_C_LANGUAGE_STANDARD = gnu99;
				GCC_WARN_ABOUT_RETURN_TYPE = YES_ERROR;
				GCC_WARN_UNDECLARED_SELECTOR = YES;
				GCC_WARN_UNINITIALIZED_AUTOS = YES;
				GCC_WARN_UNUSED_FUNCTION = YES;
				GCC_WARN_UNUSED_VARIABLE = YES;
				IPHONEOS_DEPLOYMENT_TARGET = 7.0;
				SDKROOT = iphoneos;
				VALIDATE_PRODUCT = YES;
			};
			name = Release;
		};
		33B456D517B893EE007A3E6E /* Debug */ = {
			isa = XCBuildConfiguration;
			buildSettings = {
				DSTROOT = /tmp/KKTokenTextView.dst;
				GCC_PRECOMPILE_PREFIX_HEADER = YES;
				GCC_PREFIX_HEADER = "KKTokenTextView/KKTokenTextView-Prefix.pch";
				HEADER_SEARCH_PATHS = "\"$(SRCROOT)/External/Dickens/\"";
				OTHER_LDFLAGS = "-ObjC";
				PRODUCT_NAME = "$(TARGET_NAME)";
				SKIP_INSTALL = YES;
			};
			name = Debug;
		};
		33B456D617B893EE007A3E6E /* Release */ = {
			isa = XCBuildConfiguration;
			buildSettings = {
				DSTROOT = /tmp/KKTokenTextView.dst;
				GCC_PRECOMPILE_PREFIX_HEADER = YES;
				GCC_PREFIX_HEADER = "KKTokenTextView/KKTokenTextView-Prefix.pch";
				HEADER_SEARCH_PATHS = "\"$(SRCROOT)/External/Dickens/\"";
				OTHER_LDFLAGS = "-ObjC";
				PRODUCT_NAME = "$(TARGET_NAME)";
				SKIP_INSTALL = YES;
			};
			name = Release;
		};
/* End XCBuildConfiguration section */

/* Begin XCConfigurationList section */
		33B456AC17B893EE007A3E6E /* Build configuration list for PBXProject "KKTokenTextView" */ = {
			isa = XCConfigurationList;
			buildConfigurations = (
				33B456D217B893EE007A3E6E /* Debug */,
				33B456D317B893EE007A3E6E /* Release */,
			);
			defaultConfigurationIsVisible = 0;
			defaultConfigurationName = Release;
		};
		33B456D417B893EE007A3E6E /* Build configuration list for PBXNativeTarget "KKTokenTextView" */ = {
			isa = XCConfigurationList;
			buildConfigurations = (
				33B456D517B893EE007A3E6E /* Debug */,
				33B456D617B893EE007A3E6E /* Release */,
			);
			defaultConfigurationIsVisible = 0;
			defaultConfigurationName = Release;
		};
/* End XCConfigurationList section */
	};
	rootObject = 33B456A917B893EE007A3E6E /* Project object */;
}
